
Microsoft Visual Studio Solution File, Format Version 12.00
# Visual Studio 15
VisualStudioVersion = 15.0.26124.0
MinimumVisualStudioVersion = 15.0.26124.0
Project("{13B669BE-BB05-4DDF-9536-439F39A36129}") = "SolarMonitor.Data.Repositories", "src\SolarMonitor.Data.Repositories\SolarMonitor.Data.Repositories.csproj", "{EC632314-A5DD-49C6-868B-B14EB314378D}"
EndProject
Project("{13B669BE-BB05-4DDF-9536-439F39A36129}") = "SolarMonitor.Data.Models", "src\SolarMonitor.Data.Models\SolarMonitor.Data.Models.csproj", "{5F9F5EE8-31A3-4886-9FA6-95E4A7A2292D}"
EndProject
Project("{13B669BE-BB05-4DDF-9536-439F39A36129}") = "SolarMonitor.Data.RestResources", "src\SolarMonitor.Data.RestResources\SolarMonitor.Data.RestResources.csproj", "{F27D6DAD-1E92-49BF-8EA0-39402AD17E7B}"
EndProject
Project("{13B669BE-BB05-4DDF-9536-439F39A36129}") = "SolarMonitor.Web.Api", "src\SolarMonitor.Web.Api\SolarMonitor.Web.Api.csproj", "{3DAF5A92-666D-4B4F-AF6B-9C3E2978B9D7}"
EndProject
Project("{13B669BE-BB05-4DDF-9536-439F39A36129}") = "SolarMonitor.Simulator", "tools\SolarMonitor.Simulator\SolarMonitor.Simulator.csproj", "{14CE8AF3-B61D-44E0-A410-72DEEAD426C1}"
EndProject
Project("{13B669BE-BB05-4DDF-9536-439F39A36129}") = "SolarMonitor.Simulator.UnitTests", "test\unit\SolarMonitor.Simulator.UnitTests\SolarMonitor.Simulator.UnitTests.csproj", "{03DD8BEA-5FA6-4AF3-8160-F93C7908F1A7}"
EndProject
Project("{13B669BE-BB05-4DDF-9536-439F39A36129}") = "SolarMonitor.Web.Api.UnitTests", "test\unit\SolarMonitor.Web.Api.UnitTests\SolarMonitor.Web.Api.UnitTests.csproj", "{4E718ECB-6412-481C-B373-B72BFD450D54}"
EndProject
Project("{2150E333-8FDC-42A3-9474-1A3956D46DE8}") = "test", "test", "{CE64055F-D90C-4CFB-B718-8025587A397C}"
EndProject
Project("{2150E333-8FDC-42A3-9474-1A3956D46DE8}") = "src", "src", "{82ABD5B1-0127-4664-8CD2-35483948494D}"
EndProject
Project("{FAE04EC0-301F-11D3-BF4B-00C04F79EFBC}") = "SolarMonitor.Data.Adapters", "src\SolarMonitor.Data.Adapters\SolarMonitor.Data.Adapters.csproj", "{FEA01F08-9D0A-4D50-A7F6-42669553F097}"
EndProject
Project("{FAE04EC0-301F-11D3-BF4B-00C04F79EFBC}") = "SolarMonitor.Data.Adapters.AutoMapper", "src\SolarMonitor.Data.Adapters.AutoMapper\SolarMonitor.Data.Adapters.AutoMapper.csproj", "{CA3DB43C-1CAD-4616-9A80-988B619F200D}"
EndProject
Project("{FAE04EC0-301F-11D3-BF4B-00C04F79EFBC}") = "SolarMonitor.Data.Repositories.MySql", "src\SolarMonitor.Data.Repositories.MySql\SolarMonitor.Data.Repositories.MySql.csproj", "{9C72F126-327D-4B52-ADE9-189EDC016236}"
EndProject
Project("{2150E333-8FDC-42A3-9474-1A3956D46DE8}") = "unit", "unit", "{8F19CBFB-AF90-4C71-B25E-9D47B598B80E}"
EndProject
Project("{FAE04EC0-301F-11D3-BF4B-00C04F79EFBC}") = "SolarMonitor.Data.UnitTests.Repositories.MySql", "test\unit\SolarMonitor.Data.Repositories.MySql.UnitTests\SolarMonitor.Data.UnitTests.Repositories.MySql.csproj", "{6EAA6AD1-9280-4BE9-9284-A774F120DF42}"
EndProject
Project("{FAE04EC0-301F-11D3-BF4B-00C04F79EFBC}") = "SolarMonitor.Data.Adapters.AutoMapper.UnitTests", "test\unit\SolarMonitor.Data.Adapters.AutoMapper.UnitTests\SolarMonitor.Data.Adapters.AutoMapper.UnitTests.csproj", "{8D18AAA7-52C7-4198-98CD-6EF94D651268}"
EndProject
Project("{2150E333-8FDC-42A3-9474-1A3956D46DE8}") = "system", "system", "{30813B02-2595-464F-9EB7-2E09582BF0F0}"
EndProject
Project("{FAE04EC0-301F-11D3-BF4B-00C04F79EFBC}") = "SolarMonitor.Web.Api.SystemTests", "test\system\SolarMonitor.Web.Api.SystemTests\SolarMonitor.Web.Api.SystemTests.csproj", "{F5E1A3ED-51FB-4BBD-B39C-FD5B1F21B125}"
EndProject
Project("{2150E333-8FDC-42A3-9474-1A3956D46DE8}") = "integration", "integration", "{E3CD0BCD-00E5-4BD7-A87F-3770FEEA5483}"
EndProject
Project("{FAE04EC0-301F-11D3-BF4B-00C04F79EFBC}") = "SolarMonitor.Web.Api.IntegrationTests", "test\integration\SolarMonitor.Web.Api.IntegrationTests\SolarMonitor.Web.Api.IntegrationTests.csproj", "{464CC2DB-7353-4EBB-AED3-B6A6CB0920AA}"
EndProject
Global
	GlobalSection(SolutionConfigurationPlatforms) = preSolution
		Debug|Any CPU = Debug|Any CPU
		Debug|x64 = Debug|x64
		Debug|x86 = Debug|x86
		Release|Any CPU = Release|Any CPU
		Release|x64 = Release|x64
		Release|x86 = Release|x86
	EndGlobalSection
	GlobalSection(SolutionProperties) = preSolution
		HideSolutionNode = FALSE
	EndGlobalSection
	GlobalSection(ProjectConfigurationPlatforms) = postSolution
		{EC632314-A5DD-49C6-868B-B14EB314378D}.Debug|Any CPU.ActiveCfg = Debug|Any CPU
		{EC632314-A5DD-49C6-868B-B14EB314378D}.Debug|Any CPU.Build.0 = Debug|Any CPU
		{EC632314-A5DD-49C6-868B-B14EB314378D}.Debug|x64.ActiveCfg = Debug|x64
		{EC632314-A5DD-49C6-868B-B14EB314378D}.Debug|x64.Build.0 = Debug|x64
		{EC632314-A5DD-49C6-868B-B14EB314378D}.Debug|x86.ActiveCfg = Debug|x86
		{EC632314-A5DD-49C6-868B-B14EB314378D}.Debug|x86.Build.0 = Debug|x86
		{EC632314-A5DD-49C6-868B-B14EB314378D}.Release|Any CPU.ActiveCfg = Release|Any CPU
		{EC632314-A5DD-49C6-868B-B14EB314378D}.Release|Any CPU.Build.0 = Release|Any CPU
		{EC632314-A5DD-49C6-868B-B14EB314378D}.Release|x64.ActiveCfg = Release|x64
		{EC632314-A5DD-49C6-868B-B14EB314378D}.Release|x64.Build.0 = Release|x64
		{EC632314-A5DD-49C6-868B-B14EB314378D}.Release|x86.ActiveCfg = Release|x86
		{EC632314-A5DD-49C6-868B-B14EB314378D}.Release|x86.Build.0 = Release|x86
		{5F9F5EE8-31A3-4886-9FA6-95E4A7A2292D}.Debug|Any CPU.ActiveCfg = Debug|Any CPU
		{5F9F5EE8-31A3-4886-9FA6-95E4A7A2292D}.Debug|Any CPU.Build.0 = Debug|Any CPU
		{5F9F5EE8-31A3-4886-9FA6-95E4A7A2292D}.Debug|x64.ActiveCfg = Debug|x64
		{5F9F5EE8-31A3-4886-9FA6-95E4A7A2292D}.Debug|x64.Build.0 = Debug|x64
		{5F9F5EE8-31A3-4886-9FA6-95E4A7A2292D}.Debug|x86.ActiveCfg = Debug|x86
		{5F9F5EE8-31A3-4886-9FA6-95E4A7A2292D}.Debug|x86.Build.0 = Debug|x86
		{5F9F5EE8-31A3-4886-9FA6-95E4A7A2292D}.Release|Any CPU.ActiveCfg = Release|Any CPU
		{5F9F5EE8-31A3-4886-9FA6-95E4A7A2292D}.Release|Any CPU.Build.0 = Release|Any CPU
		{5F9F5EE8-31A3-4886-9FA6-95E4A7A2292D}.Release|x64.ActiveCfg = Release|x64
		{5F9F5EE8-31A3-4886-9FA6-95E4A7A2292D}.Release|x64.Build.0 = Release|x64
		{5F9F5EE8-31A3-4886-9FA6-95E4A7A2292D}.Release|x86.ActiveCfg = Release|x86
		{5F9F5EE8-31A3-4886-9FA6-95E4A7A2292D}.Release|x86.Build.0 = Release|x86
		{F27D6DAD-1E92-49BF-8EA0-39402AD17E7B}.Debug|Any CPU.ActiveCfg = Debug|Any CPU
		{F27D6DAD-1E92-49BF-8EA0-39402AD17E7B}.Debug|Any CPU.Build.0 = Debug|Any CPU
		{F27D6DAD-1E92-49BF-8EA0-39402AD17E7B}.Debug|x64.ActiveCfg = Debug|x64
		{F27D6DAD-1E92-49BF-8EA0-39402AD17E7B}.Debug|x64.Build.0 = Debug|x64
		{F27D6DAD-1E92-49BF-8EA0-39402AD17E7B}.Debug|x86.ActiveCfg = Debug|x86
		{F27D6DAD-1E92-49BF-8EA0-39402AD17E7B}.Debug|x86.Build.0 = Debug|x86
		{F27D6DAD-1E92-49BF-8EA0-39402AD17E7B}.Release|Any CPU.ActiveCfg = Release|Any CPU
		{F27D6DAD-1E92-49BF-8EA0-39402AD17E7B}.Release|Any CPU.Build.0 = Release|Any CPU
		{F27D6DAD-1E92-49BF-8EA0-39402AD17E7B}.Release|x64.ActiveCfg = Release|x64
		{F27D6DAD-1E92-49BF-8EA0-39402AD17E7B}.Release|x64.Build.0 = Release|x64
		{F27D6DAD-1E92-49BF-8EA0-39402AD17E7B}.Release|x86.ActiveCfg = Release|x86
		{F27D6DAD-1E92-49BF-8EA0-39402AD17E7B}.Release|x86.Build.0 = Release|x86
		{3DAF5A92-666D-4B4F-AF6B-9C3E2978B9D7}.Debug|Any CPU.ActiveCfg = Debug|Any CPU
		{3DAF5A92-666D-4B4F-AF6B-9C3E2978B9D7}.Debug|Any CPU.Build.0 = Debug|Any CPU
		{3DAF5A92-666D-4B4F-AF6B-9C3E2978B9D7}.Debug|x64.ActiveCfg = Debug|x64
		{3DAF5A92-666D-4B4F-AF6B-9C3E2978B9D7}.Debug|x64.Build.0 = Debug|x64
		{3DAF5A92-666D-4B4F-AF6B-9C3E2978B9D7}.Debug|x86.ActiveCfg = Debug|x86
		{3DAF5A92-666D-4B4F-AF6B-9C3E2978B9D7}.Debug|x86.Build.0 = Debug|x86
		{3DAF5A92-666D-4B4F-AF6B-9C3E2978B9D7}.Release|Any CPU.ActiveCfg = Release|Any CPU
		{3DAF5A92-666D-4B4F-AF6B-9C3E2978B9D7}.Release|Any CPU.Build.0 = Release|Any CPU
		{3DAF5A92-666D-4B4F-AF6B-9C3E2978B9D7}.Release|x64.ActiveCfg = Release|x64
		{3DAF5A92-666D-4B4F-AF6B-9C3E2978B9D7}.Release|x64.Build.0 = Release|x64
		{3DAF5A92-666D-4B4F-AF6B-9C3E2978B9D7}.Release|x86.ActiveCfg = Release|x86
		{3DAF5A92-666D-4B4F-AF6B-9C3E2978B9D7}.Release|x86.Build.0 = Release|x86
		{14CE8AF3-B61D-44E0-A410-72DEEAD426C1}.Debug|Any CPU.ActiveCfg = Debug|Any CPU
		{14CE8AF3-B61D-44E0-A410-72DEEAD426C1}.Debug|Any CPU.Build.0 = Debug|Any CPU
		{14CE8AF3-B61D-44E0-A410-72DEEAD426C1}.Debug|x64.ActiveCfg = Debug|x64
		{14CE8AF3-B61D-44E0-A410-72DEEAD426C1}.Debug|x64.Build.0 = Debug|x64
		{14CE8AF3-B61D-44E0-A410-72DEEAD426C1}.Debug|x86.ActiveCfg = Debug|x86
		{14CE8AF3-B61D-44E0-A410-72DEEAD426C1}.Debug|x86.Build.0 = Debug|x86
		{14CE8AF3-B61D-44E0-A410-72DEEAD426C1}.Release|Any CPU.ActiveCfg = Release|Any CPU
		{14CE8AF3-B61D-44E0-A410-72DEEAD426C1}.Release|Any CPU.Build.0 = Release|Any CPU
		{14CE8AF3-B61D-44E0-A410-72DEEAD426C1}.Release|x64.ActiveCfg = Release|x64
		{14CE8AF3-B61D-44E0-A410-72DEEAD426C1}.Release|x64.Build.0 = Release|x64
		{14CE8AF3-B61D-44E0-A410-72DEEAD426C1}.Release|x86.ActiveCfg = Release|x86
		{14CE8AF3-B61D-44E0-A410-72DEEAD426C1}.Release|x86.Build.0 = Release|x86
		{03DD8BEA-5FA6-4AF3-8160-F93C7908F1A7}.Debug|Any CPU.ActiveCfg = Debug|Any CPU
		{03DD8BEA-5FA6-4AF3-8160-F93C7908F1A7}.Debug|Any CPU.Build.0 = Debug|Any CPU
		{03DD8BEA-5FA6-4AF3-8160-F93C7908F1A7}.Debug|x64.ActiveCfg = Debug|x64
		{03DD8BEA-5FA6-4AF3-8160-F93C7908F1A7}.Debug|x64.Build.0 = Debug|x64
		{03DD8BEA-5FA6-4AF3-8160-F93C7908F1A7}.Debug|x86.ActiveCfg = Debug|x86
		{03DD8BEA-5FA6-4AF3-8160-F93C7908F1A7}.Debug|x86.Build.0 = Debug|x86
		{03DD8BEA-5FA6-4AF3-8160-F93C7908F1A7}.Release|Any CPU.ActiveCfg = Release|Any CPU
		{03DD8BEA-5FA6-4AF3-8160-F93C7908F1A7}.Release|Any CPU.Build.0 = Release|Any CPU
		{03DD8BEA-5FA6-4AF3-8160-F93C7908F1A7}.Release|x64.ActiveCfg = Release|x64
		{03DD8BEA-5FA6-4AF3-8160-F93C7908F1A7}.Release|x64.Build.0 = Release|x64
		{03DD8BEA-5FA6-4AF3-8160-F93C7908F1A7}.Release|x86.ActiveCfg = Release|x86
		{03DD8BEA-5FA6-4AF3-8160-F93C7908F1A7}.Release|x86.Build.0 = Release|x86
		{4E718ECB-6412-481C-B373-B72BFD450D54}.Debug|Any CPU.ActiveCfg = Debug|Any CPU
		{4E718ECB-6412-481C-B373-B72BFD450D54}.Debug|Any CPU.Build.0 = Debug|Any CPU
		{4E718ECB-6412-481C-B373-B72BFD450D54}.Debug|x64.ActiveCfg = Debug|x64
		{4E718ECB-6412-481C-B373-B72BFD450D54}.Debug|x64.Build.0 = Debug|x64
		{4E718ECB-6412-481C-B373-B72BFD450D54}.Debug|x86.ActiveCfg = Debug|x86
		{4E718ECB-6412-481C-B373-B72BFD450D54}.Debug|x86.Build.0 = Debug|x86
		{4E718ECB-6412-481C-B373-B72BFD450D54}.Release|Any CPU.ActiveCfg = Release|Any CPU
		{4E718ECB-6412-481C-B373-B72BFD450D54}.Release|Any CPU.Build.0 = Release|Any CPU
		{4E718ECB-6412-481C-B373-B72BFD450D54}.Release|x64.ActiveCfg = Release|x64
		{4E718ECB-6412-481C-B373-B72BFD450D54}.Release|x64.Build.0 = Release|x64
		{4E718ECB-6412-481C-B373-B72BFD450D54}.Release|x86.ActiveCfg = Release|x86
		{4E718ECB-6412-481C-B373-B72BFD450D54}.Release|x86.Build.0 = Release|x86
		{FEA01F08-9D0A-4D50-A7F6-42669553F097}.Debug|Any CPU.ActiveCfg = Debug|Any CPU
		{FEA01F08-9D0A-4D50-A7F6-42669553F097}.Debug|Any CPU.Build.0 = Debug|Any CPU
		{FEA01F08-9D0A-4D50-A7F6-42669553F097}.Debug|x64.ActiveCfg = Debug|x64
		{FEA01F08-9D0A-4D50-A7F6-42669553F097}.Debug|x64.Build.0 = Debug|x64
		{FEA01F08-9D0A-4D50-A7F6-42669553F097}.Debug|x86.ActiveCfg = Debug|x86
		{FEA01F08-9D0A-4D50-A7F6-42669553F097}.Debug|x86.Build.0 = Debug|x86
		{FEA01F08-9D0A-4D50-A7F6-42669553F097}.Release|Any CPU.ActiveCfg = Release|Any CPU
		{FEA01F08-9D0A-4D50-A7F6-42669553F097}.Release|Any CPU.Build.0 = Release|Any CPU
		{FEA01F08-9D0A-4D50-A7F6-42669553F097}.Release|x64.ActiveCfg = Release|x64
		{FEA01F08-9D0A-4D50-A7F6-42669553F097}.Release|x64.Build.0 = Release|x64
		{FEA01F08-9D0A-4D50-A7F6-42669553F097}.Release|x86.ActiveCfg = Release|x86
		{FEA01F08-9D0A-4D50-A7F6-42669553F097}.Release|x86.Build.0 = Release|x86
		{CA3DB43C-1CAD-4616-9A80-988B619F200D}.Debug|Any CPU.ActiveCfg = Debug|Any CPU
		{CA3DB43C-1CAD-4616-9A80-988B619F200D}.Debug|Any CPU.Build.0 = Debug|Any CPU
		{CA3DB43C-1CAD-4616-9A80-988B619F200D}.Debug|x64.ActiveCfg = Debug|x64
		{CA3DB43C-1CAD-4616-9A80-988B619F200D}.Debug|x64.Build.0 = Debug|x64
		{CA3DB43C-1CAD-4616-9A80-988B619F200D}.Debug|x86.ActiveCfg = Debug|x86
		{CA3DB43C-1CAD-4616-9A80-988B619F200D}.Debug|x86.Build.0 = Debug|x86
		{CA3DB43C-1CAD-4616-9A80-988B619F200D}.Release|Any CPU.ActiveCfg = Release|Any CPU
		{CA3DB43C-1CAD-4616-9A80-988B619F200D}.Release|Any CPU.Build.0 = Release|Any CPU
		{CA3DB43C-1CAD-4616-9A80-988B619F200D}.Release|x64.ActiveCfg = Release|x64
		{CA3DB43C-1CAD-4616-9A80-988B619F200D}.Release|x64.Build.0 = Release|x64
		{CA3DB43C-1CAD-4616-9A80-988B619F200D}.Release|x86.ActiveCfg = Release|x86
		{CA3DB43C-1CAD-4616-9A80-988B619F200D}.Release|x86.Build.0 = Release|x86
		{9C72F126-327D-4B52-ADE9-189EDC016236}.Debug|Any CPU.ActiveCfg = Debug|Any CPU
		{9C72F126-327D-4B52-ADE9-189EDC016236}.Debug|Any CPU.Build.0 = Debug|Any CPU
		{9C72F126-327D-4B52-ADE9-189EDC016236}.Debug|x64.ActiveCfg = Debug|x64
		{9C72F126-327D-4B52-ADE9-189EDC016236}.Debug|x64.Build.0 = Debug|x64
		{9C72F126-327D-4B52-ADE9-189EDC016236}.Debug|x86.ActiveCfg = Debug|x86
		{9C72F126-327D-4B52-ADE9-189EDC016236}.Debug|x86.Build.0 = Debug|x86
		{9C72F126-327D-4B52-ADE9-189EDC016236}.Release|Any CPU.ActiveCfg = Release|Any CPU
		{9C72F126-327D-4B52-ADE9-189EDC016236}.Release|Any CPU.Build.0 = Release|Any CPU
		{9C72F126-327D-4B52-ADE9-189EDC016236}.Release|x64.ActiveCfg = Release|x64
		{9C72F126-327D-4B52-ADE9-189EDC016236}.Release|x64.Build.0 = Release|x64
		{9C72F126-327D-4B52-ADE9-189EDC016236}.Release|x86.ActiveCfg = Release|x86
		{9C72F126-327D-4B52-ADE9-189EDC016236}.Release|x86.Build.0 = Release|x86
		{6EAA6AD1-9280-4BE9-9284-A774F120DF42}.Debug|Any CPU.ActiveCfg = Debug|Any CPU
		{6EAA6AD1-9280-4BE9-9284-A774F120DF42}.Debug|Any CPU.Build.0 = Debug|Any CPU
		{6EAA6AD1-9280-4BE9-9284-A774F120DF42}.Debug|x64.ActiveCfg = Debug|x64
		{6EAA6AD1-9280-4BE9-9284-A774F120DF42}.Debug|x64.Build.0 = Debug|x64
		{6EAA6AD1-9280-4BE9-9284-A774F120DF42}.Debug|x86.ActiveCfg = Debug|x86
		{6EAA6AD1-9280-4BE9-9284-A774F120DF42}.Debug|x86.Build.0 = Debug|x86
		{6EAA6AD1-9280-4BE9-9284-A774F120DF42}.Release|Any CPU.ActiveCfg = Release|Any CPU
		{6EAA6AD1-9280-4BE9-9284-A774F120DF42}.Release|Any CPU.Build.0 = Release|Any CPU
		{6EAA6AD1-9280-4BE9-9284-A774F120DF42}.Release|x64.ActiveCfg = Release|x64
		{6EAA6AD1-9280-4BE9-9284-A774F120DF42}.Release|x64.Build.0 = Release|x64
		{6EAA6AD1-9280-4BE9-9284-A774F120DF42}.Release|x86.ActiveCfg = Release|x86
		{6EAA6AD1-9280-4BE9-9284-A774F120DF42}.Release|x86.Build.0 = Release|x86
		{8D18AAA7-52C7-4198-98CD-6EF94D651268}.Debug|Any CPU.ActiveCfg = Debug|Any CPU
		{8D18AAA7-52C7-4198-98CD-6EF94D651268}.Debug|Any CPU.Build.0 = Debug|Any CPU
		{8D18AAA7-52C7-4198-98CD-6EF94D651268}.Debug|x64.ActiveCfg = Debug|x64
		{8D18AAA7-52C7-4198-98CD-6EF94D651268}.Debug|x64.Build.0 = Debug|x64
		{8D18AAA7-52C7-4198-98CD-6EF94D651268}.Debug|x86.ActiveCfg = Debug|x86
		{8D18AAA7-52C7-4198-98CD-6EF94D651268}.Debug|x86.Build.0 = Debug|x86
		{8D18AAA7-52C7-4198-98CD-6EF94D651268}.Release|Any CPU.ActiveCfg = Release|Any CPU
		{8D18AAA7-52C7-4198-98CD-6EF94D651268}.Release|Any CPU.Build.0 = Release|Any CPU
		{8D18AAA7-52C7-4198-98CD-6EF94D651268}.Release|x64.ActiveCfg = Release|x64
		{8D18AAA7-52C7-4198-98CD-6EF94D651268}.Release|x64.Build.0 = Release|x64
		{8D18AAA7-52C7-4198-98CD-6EF94D651268}.Release|x86.ActiveCfg = Release|x86
		{8D18AAA7-52C7-4198-98CD-6EF94D651268}.Release|x86.Build.0 = Release|x86
		{F5E1A3ED-51FB-4BBD-B39C-FD5B1F21B125}.Debug|Any CPU.ActiveCfg = Debug|Any CPU
		{F5E1A3ED-51FB-4BBD-B39C-FD5B1F21B125}.Debug|Any CPU.Build.0 = Debug|Any CPU
		{F5E1A3ED-51FB-4BBD-B39C-FD5B1F21B125}.Debug|x64.ActiveCfg = Debug|x64
		{F5E1A3ED-51FB-4BBD-B39C-FD5B1F21B125}.Debug|x64.Build.0 = Debug|x64
		{F5E1A3ED-51FB-4BBD-B39C-FD5B1F21B125}.Debug|x86.ActiveCfg = Debug|x86
		{F5E1A3ED-51FB-4BBD-B39C-FD5B1F21B125}.Debug|x86.Build.0 = Debug|x86
		{F5E1A3ED-51FB-4BBD-B39C-FD5B1F21B125}.Release|Any CPU.ActiveCfg = Release|Any CPU
		{F5E1A3ED-51FB-4BBD-B39C-FD5B1F21B125}.Release|Any CPU.Build.0 = Release|Any CPU
		{F5E1A3ED-51FB-4BBD-B39C-FD5B1F21B125}.Release|x64.ActiveCfg = Release|x64
		{F5E1A3ED-51FB-4BBD-B39C-FD5B1F21B125}.Release|x64.Build.0 = Release|x64
		{F5E1A3ED-51FB-4BBD-B39C-FD5B1F21B125}.Release|x86.ActiveCfg = Release|x86
		{F5E1A3ED-51FB-4BBD-B39C-FD5B1F21B125}.Release|x86.Build.0 = Release|x86
		{464CC2DB-7353-4EBB-AED3-B6A6CB0920AA}.Debug|Any CPU.ActiveCfg = Debug|Any CPU
		{464CC2DB-7353-4EBB-AED3-B6A6CB0920AA}.Debug|Any CPU.Build.0 = Debug|Any CPU
		{464CC2DB-7353-4EBB-AED3-B6A6CB0920AA}.Debug|x64.ActiveCfg = Debug|x64
		{464CC2DB-7353-4EBB-AED3-B6A6CB0920AA}.Debug|x64.Build.0 = Debug|x64
		{464CC2DB-7353-4EBB-AED3-B6A6CB0920AA}.Debug|x86.ActiveCfg = Debug|x86
		{464CC2DB-7353-4EBB-AED3-B6A6CB0920AA}.Debug|x86.Build.0 = Debug|x86
		{464CC2DB-7353-4EBB-AED3-B6A6CB0920AA}.Release|Any CPU.ActiveCfg = Release|Any CPU
		{464CC2DB-7353-4EBB-AED3-B6A6CB0920AA}.Release|Any CPU.Build.0 = Release|Any CPU
		{464CC2DB-7353-4EBB-AED3-B6A6CB0920AA}.Release|x64.ActiveCfg = Release|x64
		{464CC2DB-7353-4EBB-AED3-B6A6CB0920AA}.Release|x64.Build.0 = Release|x64
		{464CC2DB-7353-4EBB-AED3-B6A6CB0920AA}.Release|x86.ActiveCfg = Release|x86
		{464CC2DB-7353-4EBB-AED3-B6A6CB0920AA}.Release|x86.Build.0 = Release|x86
	EndGlobalSection
	GlobalSection(NestedProjects) = preSolution
		{FEA01F08-9D0A-4D50-A7F6-42669553F097} = {82ABD5B1-0127-4664-8CD2-35483948494D}
		{CA3DB43C-1CAD-4616-9A80-988B619F200D} = {82ABD5B1-0127-4664-8CD2-35483948494D}
		{9C72F126-327D-4B52-ADE9-189EDC016236} = {82ABD5B1-0127-4664-8CD2-35483948494D}
		{8F19CBFB-AF90-4C71-B25E-9D47B598B80E} = {CE64055F-D90C-4CFB-B718-8025587A397C}
		{6EAA6AD1-9280-4BE9-9284-A774F120DF42} = {8F19CBFB-AF90-4C71-B25E-9D47B598B80E}
		{8D18AAA7-52C7-4198-98CD-6EF94D651268} = {8F19CBFB-AF90-4C71-B25E-9D47B598B80E}
		{30813B02-2595-464F-9EB7-2E09582BF0F0} = {CE64055F-D90C-4CFB-B718-8025587A397C}
		{F5E1A3ED-51FB-4BBD-B39C-FD5B1F21B125} = {30813B02-2595-464F-9EB7-2E09582BF0F0}
		{E3CD0BCD-00E5-4BD7-A87F-3770FEEA5483} = {CE64055F-D90C-4CFB-B718-8025587A397C}
		{464CC2DB-7353-4EBB-AED3-B6A6CB0920AA} = {E3CD0BCD-00E5-4BD7-A87F-3770FEEA5483}
	EndGlobalSection
EndGlobal
